
Microsoft Visual Studio Solution File, Format Version 12.00
# Visual Studio Version 17
VisualStudioVersion = 17.11.35312.102
MinimumVisualStudioVersion = 10.0.40219.1
Project("{FAE04EC0-301F-11D3-BF4B-00C04F79EFBC}") = "01_MainSubjects", "01_MainSubjects\01_MainSubjects.csproj", "{119E83C3-0FF9-4D88-9727-3997D1E3094B}"
EndProject
Project("{FAE04EC0-301F-11D3-BF4B-00C04F79EFBC}") = "02_Variables", "02_Variables\02_Variables.csproj", "{3F9297F7-E05D-44F5-9A9E-EF4ECABE7EA1}"
EndProject
Global
	GlobalSection(SolutionConfigurationPlatforms) = preSolution
		Debug|Any CPU = Debug|Any CPU
		Release|Any CPU = Release|Any CPU
	EndGlobalSection
	GlobalSection(ProjectConfigurationPlatforms) = postSolution
		{119E83C3-0FF9-4D88-9727-3997D1E3094B}.Debug|Any CPU.ActiveCfg = Debug|Any CPU
		{119E83C3-0FF9-4D88-9727-3997D1E3094B}.Debug|Any CPU.Build.0 = Debug|Any CPU
		{119E83C3-0FF9-4D88-9727-3997D1E3094B}.Release|Any CPU.ActiveCfg = Release|Any CPU
		{119E83C3-0FF9-4D88-9727-3997D1E3094B}.Release|Any CPU.Build.0 = Release|Any CPU
		{3F9297F7-E05D-44F5-9A9E-EF4ECABE7EA1}.Debug|Any CPU.ActiveCfg = Debug|Any CPU
		{3F9297F7-E05D-44F5-9A9E-EF4ECABE7EA1}.Debug|Any CPU.Build.0 = Debug|Any CPU
		{3F9297F7-E05D-44F5-9A9E-EF4ECABE7EA1}.Release|Any CPU.ActiveCfg = Release|Any CPU
		{3F9297F7-E05D-44F5-9A9E-EF4ECABE7EA1}.Release|Any CPU.Build.0 = Release|Any CPU
	EndGlobalSection
	GlobalSection(SolutionProperties) = preSolution
		HideSolutionNode = FALSE
	EndGlobalSection
	GlobalSection(ExtensibilityGlobals) = postSolution
		SolutionGuid = {17E61BB5-56E9-493B-BA97-6A8BCBC61990}
	EndGlobalSection
EndGlobal
