
Microsoft Visual Studio Solution File, Format Version 12.00
# Visual Studio Version 17
VisualStudioVersion = 17.11.35312.102
MinimumVisualStudioVersion = 10.0.40219.1
Project("{FAE04EC0-301F-11D3-BF4B-00C04F79EFBC}") = "01_MainSubjects", "01_MainSubjects\01_MainSubjects.csproj", "{119E83C3-0FF9-4D88-9727-3997D1E3094B}"
EndProject
Project("{FAE04EC0-301F-11D3-BF4B-00C04F79EFBC}") = "02_Variables", "02_Variables\02_Variables.csproj", "{3F9297F7-E05D-44F5-9A9E-EF4ECABE7EA1}"
EndProject
Project("{FAE04EC0-301F-11D3-BF4B-00C04F79EFBC}") = "03_MakingDecision", "03_MakingDecision\03_MakingDecision.csproj", "{03EF501E-23EC-42D4-82FD-F8514AF47AA3}"
EndProject
Project("{FAE04EC0-301F-11D3-BF4B-00C04F79EFBC}") = "04_Loops", "04_Loops\04_Loops.csproj", "{4073C989-6783-4F3C-AA9C-5806DF62E3E4}"
EndProject
Project("{FAE04EC0-301F-11D3-BF4B-00C04F79EFBC}") = "05_LoopsWithStars", "05_LoopsWithStars\05_LoopsWithStars.csproj", "{BFA78D54-868B-4438-9830-820F056E647F}"
EndProject
Project("{FAE04EC0-301F-11D3-BF4B-00C04F79EFBC}") = "06_Arrays", "06_Arrays\06_Arrays.csproj", "{50D5C56D-AC9E-46C0-BF50-B69F814BDB49}"
EndProject
Project("{FAE04EC0-301F-11D3-BF4B-00C04F79EFBC}") = "07_ForeachLoop", "07_ForeachLoop\07_ForeachLoop.csproj", "{47E14117-0775-41DD-8D22-8F3FB72BFD22}"
EndProject
Project("{FAE04EC0-301F-11D3-BF4B-00C04F79EFBC}") = "08_Methods", "08_Methods\08_Methods.csproj", "{DEDB90CC-8A8D-4682-AAD7-E0A323BD2D78}"
EndProject
Project("{FAE04EC0-301F-11D3-BF4B-00C04F79EFBC}") = "09_DatabaseProject", "09_DatabaseProject\09_DatabaseProject.csproj", "{3FEADB45-24B7-43FA-B00D-779C17974D18}"
EndProject
Project("{FAE04EC0-301F-11D3-BF4B-00C04F79EFBC}") = "10_DatabaseCrud", "10_DatabaseCrud\10_DatabaseCrud.csproj", "{FC35E79E-587D-4055-B7E8-49F343497D16}"
EndProject
Global
	GlobalSection(SolutionConfigurationPlatforms) = preSolution
		Debug|Any CPU = Debug|Any CPU
		Release|Any CPU = Release|Any CPU
	EndGlobalSection
	GlobalSection(ProjectConfigurationPlatforms) = postSolution
		{119E83C3-0FF9-4D88-9727-3997D1E3094B}.Debug|Any CPU.ActiveCfg = Debug|Any CPU
		{119E83C3-0FF9-4D88-9727-3997D1E3094B}.Debug|Any CPU.Build.0 = Debug|Any CPU
		{119E83C3-0FF9-4D88-9727-3997D1E3094B}.Release|Any CPU.ActiveCfg = Release|Any CPU
		{119E83C3-0FF9-4D88-9727-3997D1E3094B}.Release|Any CPU.Build.0 = Release|Any CPU
		{3F9297F7-E05D-44F5-9A9E-EF4ECABE7EA1}.Debug|Any CPU.ActiveCfg = Debug|Any CPU
		{3F9297F7-E05D-44F5-9A9E-EF4ECABE7EA1}.Debug|Any CPU.Build.0 = Debug|Any CPU
		{3F9297F7-E05D-44F5-9A9E-EF4ECABE7EA1}.Release|Any CPU.ActiveCfg = Release|Any CPU
		{3F9297F7-E05D-44F5-9A9E-EF4ECABE7EA1}.Release|Any CPU.Build.0 = Release|Any CPU
		{03EF501E-23EC-42D4-82FD-F8514AF47AA3}.Debug|Any CPU.ActiveCfg = Debug|Any CPU
		{03EF501E-23EC-42D4-82FD-F8514AF47AA3}.Debug|Any CPU.Build.0 = Debug|Any CPU
		{03EF501E-23EC-42D4-82FD-F8514AF47AA3}.Release|Any CPU.ActiveCfg = Release|Any CPU
		{03EF501E-23EC-42D4-82FD-F8514AF47AA3}.Release|Any CPU.Build.0 = Release|Any CPU
		{4073C989-6783-4F3C-AA9C-5806DF62E3E4}.Debug|Any CPU.ActiveCfg = Debug|Any CPU
		{4073C989-6783-4F3C-AA9C-5806DF62E3E4}.Debug|Any CPU.Build.0 = Debug|Any CPU
		{4073C989-6783-4F3C-AA9C-5806DF62E3E4}.Release|Any CPU.ActiveCfg = Release|Any CPU
		{4073C989-6783-4F3C-AA9C-5806DF62E3E4}.Release|Any CPU.Build.0 = Release|Any CPU
		{BFA78D54-868B-4438-9830-820F056E647F}.Debug|Any CPU.ActiveCfg = Debug|Any CPU
		{BFA78D54-868B-4438-9830-820F056E647F}.Debug|Any CPU.Build.0 = Debug|Any CPU
		{BFA78D54-868B-4438-9830-820F056E647F}.Release|Any CPU.ActiveCfg = Release|Any CPU
		{BFA78D54-868B-4438-9830-820F056E647F}.Release|Any CPU.Build.0 = Release|Any CPU
		{50D5C56D-AC9E-46C0-BF50-B69F814BDB49}.Debug|Any CPU.ActiveCfg = Debug|Any CPU
		{50D5C56D-AC9E-46C0-BF50-B69F814BDB49}.Debug|Any CPU.Build.0 = Debug|Any CPU
		{50D5C56D-AC9E-46C0-BF50-B69F814BDB49}.Release|Any CPU.ActiveCfg = Release|Any CPU
		{50D5C56D-AC9E-46C0-BF50-B69F814BDB49}.Release|Any CPU.Build.0 = Release|Any CPU
		{47E14117-0775-41DD-8D22-8F3FB72BFD22}.Debug|Any CPU.ActiveCfg = Debug|Any CPU
		{47E14117-0775-41DD-8D22-8F3FB72BFD22}.Debug|Any CPU.Build.0 = Debug|Any CPU
		{47E14117-0775-41DD-8D22-8F3FB72BFD22}.Release|Any CPU.ActiveCfg = Release|Any CPU
		{47E14117-0775-41DD-8D22-8F3FB72BFD22}.Release|Any CPU.Build.0 = Release|Any CPU
		{DEDB90CC-8A8D-4682-AAD7-E0A323BD2D78}.Debug|Any CPU.ActiveCfg = Debug|Any CPU
		{DEDB90CC-8A8D-4682-AAD7-E0A323BD2D78}.Debug|Any CPU.Build.0 = Debug|Any CPU
		{DEDB90CC-8A8D-4682-AAD7-E0A323BD2D78}.Release|Any CPU.ActiveCfg = Release|Any CPU
		{DEDB90CC-8A8D-4682-AAD7-E0A323BD2D78}.Release|Any CPU.Build.0 = Release|Any CPU
		{3FEADB45-24B7-43FA-B00D-779C17974D18}.Debug|Any CPU.ActiveCfg = Debug|Any CPU
		{3FEADB45-24B7-43FA-B00D-779C17974D18}.Debug|Any CPU.Build.0 = Debug|Any CPU
		{3FEADB45-24B7-43FA-B00D-779C17974D18}.Release|Any CPU.ActiveCfg = Release|Any CPU
		{3FEADB45-24B7-43FA-B00D-779C17974D18}.Release|Any CPU.Build.0 = Release|Any CPU
		{FC35E79E-587D-4055-B7E8-49F343497D16}.Debug|Any CPU.ActiveCfg = Debug|Any CPU
		{FC35E79E-587D-4055-B7E8-49F343497D16}.Debug|Any CPU.Build.0 = Debug|Any CPU
		{FC35E79E-587D-4055-B7E8-49F343497D16}.Release|Any CPU.ActiveCfg = Release|Any CPU
		{FC35E79E-587D-4055-B7E8-49F343497D16}.Release|Any CPU.Build.0 = Release|Any CPU
	EndGlobalSection
	GlobalSection(SolutionProperties) = preSolution
		HideSolutionNode = FALSE
	EndGlobalSection
	GlobalSection(ExtensibilityGlobals) = postSolution
		SolutionGuid = {17E61BB5-56E9-493B-BA97-6A8BCBC61990}
	EndGlobalSection
EndGlobal
